Microsoft Visual Studio Solution File, Format Version 12.00
# Visual Studio Version 17
VisualStudioVersion = 17.14.36121.58
MinimumVisualStudioVersion = 10.0.40219.1
Project("{2150E333-8FDC-42A3-9474-1A3956D46DE8}") = "docs", "docs", "{02EA681E-C7D8-13C7-8484-4AC65E1B71E8}"
	ProjectSection(SolutionItems) = preProject
		README.md = README.md
		README_zh_CN.md = README_zh_CN.md
	EndProjectSection
EndProject
Project("{2150E333-8FDC-42A3-9474-1A3956D46DE8}") = "src", "src", "{BA6DAAAB-871B-4350-A822-E513A826E2CA}"
EndProject
Project("{FAE04EC0-301F-11D3-BF4B-00C04F79EFBC}") = "BootstrapBlazor.MCPServer", "src\BootstrapBlazor.MCPServer\BootstrapBlazor.MCPServer.csproj", "{55CEDD8F-90C2-8A82-32C6-4E714E092802}"
EndProject
Project("{FAE04EC0-301F-11D3-BF4B-00C04F79EFBC}") = "BootstrapBlazor.MCPServer.AppHost", "src\BootstrapBlazor.MCPServer.AppHost\BootstrapBlazor.MCPServer.AppHost.csproj", "{255E59F6-38C1-CEDC-393A-02F5F6D45660}"
EndProject
Project("{FAE04EC0-301F-11D3-BF4B-00C04F79EFBC}") = "BootstrapBlazor.MCPServer.ServiceDefaults", "src\BootstrapBlazor.MCPServer.ServiceDefaults\BootstrapBlazor.MCPServer.ServiceDefaults.csproj", "{12849345-0E0B-0E16-CBD9-0C84408C3ABD}"
EndProject
Global
	GlobalSection(SolutionConfigurationPlatforms) = preSolution
		Debug|Any CPU = Debug|Any CPU
		Release|Any CPU = Release|Any CPU
	EndGlobalSection
	GlobalSection(ProjectConfigurationPlatforms) = postSolution
		{55CEDD8F-90C2-8A82-32C6-4E714E092802}.Debug|Any CPU.ActiveCfg = Debug|Any CPU
		{55CEDD8F-90C2-8A82-32C6-4E714E092802}.Debug|Any CPU.Build.0 = Debug|Any CPU
		{55CEDD8F-90C2-8A82-32C6-4E714E092802}.Release|Any CPU.ActiveCfg = Release|Any CPU
		{55CEDD8F-90C2-8A82-32C6-4E714E092802}.Release|Any CPU.Build.0 = Release|Any CPU
		{255E59F6-38C1-CEDC-393A-02F5F6D45660}.Debug|Any CPU.ActiveCfg = Debug|Any CPU
		{255E59F6-38C1-CEDC-393A-02F5F6D45660}.Debug|Any CPU.Build.0 = Debug|Any CPU
		{255E59F6-38C1-CEDC-393A-02F5F6D45660}.Release|Any CPU.ActiveCfg = Release|Any CPU
		{255E59F6-38C1-CEDC-393A-02F5F6D45660}.Release|Any CPU.Build.0 = Release|Any CPU
		{12849345-0E0B-0E16-CBD9-0C84408C3ABD}.Debug|Any CPU.ActiveCfg = Debug|Any CPU
		{12849345-0E0B-0E16-CBD9-0C84408C3ABD}.Debug|Any CPU.Build.0 = Debug|Any CPU
		{12849345-0E0B-0E16-CBD9-0C84408C3ABD}.Release|Any CPU.ActiveCfg = Release|Any CPU
		{12849345-0E0B-0E16-CBD9-0C84408C3ABD}.Release|Any CPU.Build.0 = Release|Any CPU
	EndGlobalSection
	GlobalSection(SolutionProperties) = preSolution
		HideSolutionNode = FALSE
	EndGlobalSection
	GlobalSection(NestedProjects) = preSolution
		{55CEDD8F-90C2-8A82-32C6-4E714E092802} = {BA6DAAAB-871B-4350-A822-E513A826E2CA}
		{255E59F6-38C1-CEDC-393A-02F5F6D45660} = {BA6DAAAB-871B-4350-A822-E513A826E2CA}
		{12849345-0E0B-0E16-CBD9-0C84408C3ABD} = {BA6DAAAB-871B-4350-A822-E513A826E2CA}
	EndGlobalSection
	GlobalSection(ExtensibilityGlobals) = postSolution
		SolutionGuid = {C40A89FB-879F-4923-A30E-F5F523CF5A39}
	EndGlobalSection
EndGlobal
